
Microsoft Visual Studio Solution File, Format Version 12.00
# Visual Studio Version 16
VisualStudioVersion = 16.0.31205.134
MinimumVisualStudioVersion = 10.0.40219.1
Project("{FAE04EC0-301F-11D3-BF4B-00C04F79EFBC}") = "LetsCodeBiblioteca", "LetsCodeBiblioteca.csproj", "{212EFB30-36EB-4070-8B99-B572EE044289}"
EndProject
Global
	GlobalSection(SolutionConfigurationPlatforms) = preSolution
		Debug|Any CPU = Debug|Any CPU
		Release|Any CPU = Release|Any CPU
	EndGlobalSection
	GlobalSection(ProjectConfigurationPlatforms) = postSolution
		{212EFB30-36EB-4070-8B99-B572EE044289}.Debug|Any CPU.ActiveCfg = Debug|Any CPU
		{212EFB30-36EB-4070-8B99-B572EE044289}.Debug|Any CPU.Build.0 = Debug|Any CPU
		{212EFB30-36EB-4070-8B99-B572EE044289}.Release|Any CPU.ActiveCfg = Release|Any CPU
		{212EFB30-36EB-4070-8B99-B572EE044289}.Release|Any CPU.Build.0 = Release|Any CPU
	EndGlobalSection
	GlobalSection(SolutionProperties) = preSolution
		HideSolutionNode = FALSE
	EndGlobalSection
	GlobalSection(ExtensibilityGlobals) = postSolution
		SolutionGuid = {D6CDA073-55F3-47C8-96FB-1D9090C21E4C}
	EndGlobalSection
EndGlobal
